# This file is automatically @generated by Cargo.
# It is not intended for manual editing.
version = 4

[[package]]
name = "conu-cli"
version = "0.1.0"
dependencies = [
 "conu-core",
]

[[package]]
name = "conu-core"
version = "0.1.0"
dependencies = [
 "conu-protocol",
]

[[package]]
name = "conu-protocol"
version = "0.1.0"

[[package]]
name = "conu-relay"
version = "0.1.0"
dependencies = [
 "conu-core",
]

[[package]]
name = "conud"
version = "0.1.0"
dependencies = [
 "conu-core",
]
